
Microsoft Visual Studio Solution File, Format Version 12.00
# Visual Studio 15
VisualStudioVersion = 15.0.26430.6
MinimumVisualStudioVersion = 10.0.40219.1
Project("{FAE04EC0-301F-11D3-BF4B-00C04F79EFBC}") = "eManager.Web", "eManager.Web\eManager.Web.csproj", "{940D044F-C03A-4B60-B436-302809A50B4E}"
EndProject
Project("{FAE04EC0-301F-11D3-BF4B-00C04F79EFBC}") = "eManager.Domain", "eManager.Domain\eManager.Domain.csproj", "{CE4F1EBF-5834-499C-B603-D29446C928CD}"
EndProject
Global
	GlobalSection(SolutionConfigurationPlatforms) = preSolution
		Debug|Any CPU = Debug|Any CPU
		Release|Any CPU = Release|Any CPU
	EndGlobalSection
	GlobalSection(ProjectConfigurationPlatforms) = postSolution
		{940D044F-C03A-4B60-B436-302809A50B4E}.Debug|Any CPU.ActiveCfg = Debug|Any CPU
		{940D044F-C03A-4B60-B436-302809A50B4E}.Debug|Any CPU.Build.0 = Debug|Any CPU
		{940D044F-C03A-4B60-B436-302809A50B4E}.Release|Any CPU.ActiveCfg = Release|Any CPU
		{940D044F-C03A-4B60-B436-302809A50B4E}.Release|Any CPU.Build.0 = Release|Any CPU
		{CE4F1EBF-5834-499C-B603-D29446C928CD}.Debug|Any CPU.ActiveCfg = Debug|Any CPU
		{CE4F1EBF-5834-499C-B603-D29446C928CD}.Debug|Any CPU.Build.0 = Debug|Any CPU
		{CE4F1EBF-5834-499C-B603-D29446C928CD}.Release|Any CPU.ActiveCfg = Release|Any CPU
		{CE4F1EBF-5834-499C-B603-D29446C928CD}.Release|Any CPU.Build.0 = Release|Any CPU
	EndGlobalSection
	GlobalSection(SolutionProperties) = preSolution
		HideSolutionNode = FALSE
	EndGlobalSection
EndGlobal
